
Microsoft Visual Studio Solution File, Format Version 12.00
# Visual Studio Version 17
VisualStudioVersion = 17.14.36327.8 d17.14
MinimumVisualStudioVersion = 10.0.40219.1
Project("{FAE04EC0-301F-11D3-BF4B-00C04F79EFBC}") = "The Locked Door", "The Locked Door\The Locked Door.csproj", "{233E4FE9-7AAA-4D5D-9C2A-E340CC2EA2C9}"
EndProject
Global
	GlobalSection(SolutionConfigurationPlatforms) = preSolution
		Debug|Any CPU = Debug|Any CPU
		Release|Any CPU = Release|Any CPU
	EndGlobalSection
	GlobalSection(ProjectConfigurationPlatforms) = postSolution
		{233E4FE9-7AAA-4D5D-9C2A-E340CC2EA2C9}.Debug|Any CPU.ActiveCfg = Debug|Any CPU
		{233E4FE9-7AAA-4D5D-9C2A-E340CC2EA2C9}.Debug|Any CPU.Build.0 = Debug|Any CPU
		{233E4FE9-7AAA-4D5D-9C2A-E340CC2EA2C9}.Release|Any CPU.ActiveCfg = Release|Any CPU
		{233E4FE9-7AAA-4D5D-9C2A-E340CC2EA2C9}.Release|Any CPU.Build.0 = Release|Any CPU
	EndGlobalSection
	GlobalSection(SolutionProperties) = preSolution
		HideSolutionNode = FALSE
	EndGlobalSection
	GlobalSection(ExtensibilityGlobals) = postSolution
		SolutionGuid = {8BA7EA9F-A83A-4419-8101-053E1FFD5F7F}
	EndGlobalSection
EndGlobal
