
Microsoft Visual Studio Solution File, Format Version 12.00
# Visual Studio Version 17
VisualStudioVersion = 17.14.36327.8 d17.14
MinimumVisualStudioVersion = 10.0.40219.1
Project("{FAE04EC0-301F-11D3-BF4B-00C04F79EFBC}") = "TheColor", "TheColor\TheColor.csproj", "{B39D4240-3531-4611-B203-FA86DF32A0A0}"
EndProject
Global
	GlobalSection(SolutionConfigurationPlatforms) = preSolution
		Debug|Any CPU = Debug|Any CPU
		Release|Any CPU = Release|Any CPU
	EndGlobalSection
	GlobalSection(ProjectConfigurationPlatforms) = postSolution
		{B39D4240-3531-4611-B203-FA86DF32A0A0}.Debug|Any CPU.ActiveCfg = Debug|Any CPU
		{B39D4240-3531-4611-B203-FA86DF32A0A0}.Debug|Any CPU.Build.0 = Debug|Any CPU
		{B39D4240-3531-4611-B203-FA86DF32A0A0}.Release|Any CPU.ActiveCfg = Release|Any CPU
		{B39D4240-3531-4611-B203-FA86DF32A0A0}.Release|Any CPU.Build.0 = Release|Any CPU
	EndGlobalSection
	GlobalSection(SolutionProperties) = preSolution
		HideSolutionNode = FALSE
	EndGlobalSection
	GlobalSection(ExtensibilityGlobals) = postSolution
		SolutionGuid = {4E0C9510-3BE2-4DB0-A1BC-E78FFEC86A7F}
	EndGlobalSection
EndGlobal
