
Microsoft Visual Studio Solution File, Format Version 12.00
# Visual Studio Version 17
VisualStudioVersion = 17.14.36327.8 d17.14
MinimumVisualStudioVersion = 10.0.40219.1
Project("{FAE04EC0-301F-11D3-BF4B-00C04F79EFBC}") = "ConsoleApp1", "ConsoleApp1\ConsoleApp1.csproj", "{A3DB2A8E-850C-492A-90CB-0D7DFBAD4FF0}"
EndProject
Global
	GlobalSection(SolutionConfigurationPlatforms) = preSolution
		Debug|Any CPU = Debug|Any CPU
		Release|Any CPU = Release|Any CPU
	EndGlobalSection
	GlobalSection(ProjectConfigurationPlatforms) = postSolution
		{A3DB2A8E-850C-492A-90CB-0D7DFBAD4FF0}.Debug|Any CPU.ActiveCfg = Debug|Any CPU
		{A3DB2A8E-850C-492A-90CB-0D7DFBAD4FF0}.Debug|Any CPU.Build.0 = Debug|Any CPU
		{A3DB2A8E-850C-492A-90CB-0D7DFBAD4FF0}.Release|Any CPU.ActiveCfg = Release|Any CPU
		{A3DB2A8E-850C-492A-90CB-0D7DFBAD4FF0}.Release|Any CPU.Build.0 = Release|Any CPU
	EndGlobalSection
	GlobalSection(SolutionProperties) = preSolution
		HideSolutionNode = FALSE
	EndGlobalSection
	GlobalSection(ExtensibilityGlobals) = postSolution
		SolutionGuid = {362570D9-986A-4612-B630-4E3D5FBFFEB0}
	EndGlobalSection
EndGlobal
